
Microsoft Visual Studio Solution File, Format Version 12.00
# Visual Studio 14
VisualStudioVersion = 14.0.25420.1
MinimumVisualStudioVersion = 10.0.40219.1
Project("{FAE04EC0-301F-11D3-BF4B-00C04F79EFBC}") = "Testing_IdentityDatabase_Inital", "Testing_IdentityDatabase_Inital_30-03\Testing_IdentityDatabase_Inital.csproj", "{185D4E82-1386-4E18-8732-1F497224DFA9}"
EndProject
Global
	GlobalSection(SolutionConfigurationPlatforms) = preSolution
		Debug|Any CPU = Debug|Any CPU
		Release|Any CPU = Release|Any CPU
	EndGlobalSection
	GlobalSection(ProjectConfigurationPlatforms) = postSolution
		{185D4E82-1386-4E18-8732-1F497224DFA9}.Debug|Any CPU.ActiveCfg = Debug|Any CPU
		{185D4E82-1386-4E18-8732-1F497224DFA9}.Debug|Any CPU.Build.0 = Debug|Any CPU
		{185D4E82-1386-4E18-8732-1F497224DFA9}.Release|Any CPU.ActiveCfg = Release|Any CPU
		{185D4E82-1386-4E18-8732-1F497224DFA9}.Release|Any CPU.Build.0 = Release|Any CPU
	EndGlobalSection
	GlobalSection(SolutionProperties) = preSolution
		HideSolutionNode = FALSE
	EndGlobalSection
EndGlobal
